
Microsoft Visual Studio Solution File, Format Version 12.00
# Visual Studio Version 16
VisualStudioVersion = 16.0.28803.202
MinimumVisualStudioVersion = 10.0.40219.1
Project("{8BC9CEB8-8B4A-11D0-8D11-00A0C91BC942}") = "IncrementOperator", "IncrementOperator\IncrementOperator.vcxproj", "{FADCF722-90CA-4CC3-8EA7-7A9CE166C24F}"
EndProject
Global
	GlobalSection(SolutionConfigurationPlatforms) = preSolution
		Debug|x64 = Debug|x64
		Debug|x86 = Debug|x86
		Release|x64 = Release|x64
		Release|x86 = Release|x86
	EndGlobalSection
	GlobalSection(ProjectConfigurationPlatforms) = postSolution
		{FADCF722-90CA-4CC3-8EA7-7A9CE166C24F}.Debug|x64.ActiveCfg = Debug|x64
		{FADCF722-90CA-4CC3-8EA7-7A9CE166C24F}.Debug|x64.Build.0 = Debug|x64
		{FADCF722-90CA-4CC3-8EA7-7A9CE166C24F}.Debug|x86.ActiveCfg = Debug|Win32
		{FADCF722-90CA-4CC3-8EA7-7A9CE166C24F}.Debug|x86.Build.0 = Debug|Win32
		{FADCF722-90CA-4CC3-8EA7-7A9CE166C24F}.Release|x64.ActiveCfg = Release|x64
		{FADCF722-90CA-4CC3-8EA7-7A9CE166C24F}.Release|x64.Build.0 = Release|x64
		{FADCF722-90CA-4CC3-8EA7-7A9CE166C24F}.Release|x86.ActiveCfg = Release|Win32
		{FADCF722-90CA-4CC3-8EA7-7A9CE166C24F}.Release|x86.Build.0 = Release|Win32
	EndGlobalSection
	GlobalSection(SolutionProperties) = preSolution
		HideSolutionNode = FALSE
	EndGlobalSection
	GlobalSection(ExtensibilityGlobals) = postSolution
		SolutionGuid = {9E50A6C9-EDD2-458D-978A-0BB80A0C970B}
	EndGlobalSection
EndGlobal
